// !$*UTF8*$!
{
	archiveVersion = 1;
	classes = {
	};
	objectVersion = 46;
	objects = {

/* Begin PBXBuildFile section */
		6435BEC61853429A001AB209 /* Foundation.framework in Frameworks */ = {isa = PBXBuildFile; fileRef = 6435BEC51853429A001AB209 /* Foundation.framework */; };
		6435BEC81853429A001AB209 /* CoreGraphics.framework in Frameworks */ = {isa = PBXBuildFile; fileRef = 6435BEC71853429A001AB209 /* CoreGraphics.framework */; };
		6435BECA1853429A001AB209 /* UIKit.framework in Frameworks */ = {isa = PBXBuildFile; fileRef = 6435BEC91853429A001AB209 /* UIKit.framework */; };
		6435BED01853429A001AB209 /* InfoPlist.strings in Resources */ = {isa = PBXBuildFile; fileRef = 6435BECE1853429A001AB209 /* InfoPlist.strings */; };
		6435BED21853429A001AB209 /* main.m in Sources */ = {isa = PBXBuildFile; fileRef = 6435BED11853429A001AB209 /* main.m */; };
		6435BED61853429A001AB209 /* UITestingAppDelegate.m in Sources */ = {isa = PBXBuildFile; fileRef = 6435BED51853429A001AB209 /* UITestingAppDelegate.m */; };
		6435BED91853429A001AB209 /* Main.storyboard in Resources */ = {isa = PBXBuildFile; fileRef = 6435BED71853429A001AB209 /* Main.storyboard */; };
		6435BEDC1853429A001AB209 /* UITestingViewController.m in Sources */ = {isa = PBXBuildFile; fileRef = 6435BEDB1853429A001AB209 /* UITestingViewController.m */; };
		6435BEDE1853429A001AB209 /* Images.xcassets in Resources */ = {isa = PBXBuildFile; fileRef = 6435BEDD1853429A001AB209 /* Images.xcassets */; };
		6435BEE51853429A001AB209 /* XCTest.framework in Frameworks */ = {isa = PBXBuildFile; fileRef = 6435BEE41853429A001AB209 /* XCTest.framework */; };
		6435BEE61853429A001AB209 /* Foundation.framework in Frameworks */ = {isa = PBXBuildFile; fileRef = 6435BEC51853429A001AB209 /* Foundation.framework */; };
		6435BEE71853429A001AB209 /* UIKit.framework in Frameworks */ = {isa = PBXBuildFile; fileRef = 6435BEC91853429A001AB209 /* UIKit.framework */; };
		6435BEEF1853429A001AB209 /* InfoPlist.strings in Resources */ = {isa = PBXBuildFile; fileRef = 6435BEED1853429A001AB209 /* InfoPlist.strings */; };
		6435BEF11853429A001AB209 /* UITestingTests.m in Sources */ = {isa = PBXBuildFile; fileRef = 6435BEF01853429A001AB209 /* UITestingTests.m */; };
/* End PBXBuildFile section */

/* Begin PBXContainerItemProxy section */
		6435BEE81853429A001AB209 /* PBXContainerItemProxy */ = {
			isa = PBXContainerItemProxy;
			containerPortal = 6435BEBA1853429A001AB209 /* Project object */;
			proxyType = 1;
			remoteGlobalIDString = 6435BEC11853429A001AB209;
			remoteInfo = UITesting;
		};
/* End PBXContainerItemProxy section */

/* Begin PBXFileReference section */
		6435BEC21853429A001AB209 /* UITesting.app */ = {isa = PBXFileReference; explicitFileType = wrapper.application; includeInIndex = 0; path = UITesting.app; sourceTree = BUILT_PRODUCTS_DIR; };
		6435BEC51853429A001AB209 /* Foundation.framework */ = {isa = PBXFileReference; lastKnownFileType = wrapper.framework; name = Foundation.framework; path = System/Library/Frameworks/Foundation.framework; sourceTree = SDKROOT; };
		6435BEC71853429A001AB209 /* CoreGraphics.framework */ = {isa = PBXFileReference; lastKnownFileType = wrapper.framework; name = CoreGraphics.framework; path = System/Library/Frameworks/CoreGraphics.framework; sourceTree = SDKROOT; };
		6435BEC91853429A001AB209 /* UIKit.framework */ = {isa = PBXFileReference; lastKnownFileType = wrapper.framework; name = UIKit.framework; path = System/Library/Frameworks/UIKit.framework; sourceTree = SDKROOT; };
		6435BECD1853429A001AB209 /* UITesting-Info.plist */ = {isa = PBXFileReference; lastKnownFileType = text.plist.xml; path = "UITesting-Info.plist"; sourceTree = "<group>"; };
		6435BECF1853429A001AB209 /* en */ = {isa = PBXFileReference; lastKnownFileType = text.plist.strings; name = en; path = en.lproj/InfoPlist.strings; sourceTree = "<group>"; };
		6435BED11853429A001AB209 /* main.m */ = {isa = PBXFileReference; lastKnownFileType = sourcecode.c.objc; path = main.m; sourceTree = "<group>"; };
		6435BED31853429A001AB209 /* UITesting-Prefix.pch */ = {isa = PBXFileReference; lastKnownFileType = sourcecode.c.h; path = "UITesting-Prefix.pch"; sourceTree = "<group>"; };
		6435BED41853429A001AB209 /* UITestingAppDelegate.h */ = {isa = PBXFileReference; lastKnownFileType = sourcecode.c.h; path = UITestingAppDelegate.h; sourceTree = "<group>"; };
		6435BED51853429A001AB209 /* UITestingAppDelegate.m */ = {isa = PBXFileReference; lastKnownFileType = sourcecode.c.objc; path = UITestingAppDelegate.m; sourceTree = "<group>"; };
		6435BED81853429A001AB209 /* Base */ = {isa = PBXFileReference; lastKnownFileType = file.storyboard; name = Base; path = Base.lproj/Main.storyboard; sourceTree = "<group>"; };
		6435BEDA1853429A001AB209 /* UITestingViewController.h */ = {isa = PBXFileReference; lastKnownFileType = sourcecode.c.h; path = UITestingViewController.h; sourceTree = "<group>"; };
		6435BEDB1853429A001AB209 /* UITestingViewController.m */ = {isa = PBXFileReference; lastKnownFileType = sourcecode.c.objc; path = UITestingViewController.m; sourceTree = "<group>"; };
		6435BEDD1853429A001AB209 /* Images.xcassets */ = {isa = PBXFileReference; lastKnownFileType = folder.assetcatalog; path = Images.xcassets; sourceTree = "<group>"; };
		6435BEE31853429A001AB209 /* UITestingTests.xctest */ = {isa = PBXFileReference; explicitFileType = wrapper.cfbundle; includeInIndex = 0; path = UITestingTests.xctest; sourceTree = BUILT_PRODUCTS_DIR; };
		6435BEE41853429A001AB209 /* XCTest.framework */ = {isa = PBXFileReference; lastKnownFileType = wrapper.framework; name = XCTest.framework; path = Library/Frameworks/XCTest.framework; sourceTree = DEVELOPER_DIR; };
		6435BEEC1853429A001AB209 /* UITestingTests-Info.plist */ = {isa = PBXFileReference; lastKnownFileType = text.plist.xml; path = "UITestingTests-Info.plist"; sourceTree = "<group>"; };
		6435BEEE1853429A001AB209 /* en */ = {isa = PBXFileReference; lastKnownFileType = text.plist.strings; name = en; path = en.lproj/InfoPlist.strings; sourceTree = "<group>"; };
		6435BEF01853429A001AB209 /* UITestingTests.m */ = {isa = PBXFileReference; lastKnownFileType = sourcecode.c.objc; path = UITestingTests.m; sourceTree = "<group>"; };
/* End PBXFileReference section */

/* Begin PBXFrameworksBuildPhase section */
		6435BEBF1853429A001AB209 /* Frameworks */ = {
			isa = PBXFrameworksBuildPhase;
			buildActionMask = 2147483647;
			files = (
				6435BEC81853429A001AB209 /* CoreGraphics.framework in Frameworks */,
				6435BECA1853429A001AB209 /* UIKit.framework in Frameworks */,
				6435BEC61853429A001AB209 /* Foundation.framework in Frameworks */,
			);
			runOnlyForDeploymentPostprocessing = 0;
		};
		6435BEE01853429A001AB209 /* Frameworks */ = {
			isa = PBXFrameworksBuildPhase;
			buildActionMask = 2147483647;
			files = (
				6435BEE51853429A001AB209 /* XCTest.framework in Frameworks */,
				6435BEE71853429A001AB209 /* UIKit.framework in Frameworks */,
				6435BEE61853429A001AB209 /* Foundation.framework in Frameworks */,
			);
			runOnlyForDeploymentPostprocessing = 0;
		};
/* End PBXFrameworksBuildPhase section */

/* Begin PBXGroup section */
		6435BEB91853429A001AB209 = {
			isa = PBXGroup;
			children = (
				6435BECB1853429A001AB209 /* UITesting */,
				6435BEEA1853429A001AB209 /* UITestingTests */,
				6435BEC41853429A001AB209 /* Frameworks */,
				6435BEC31853429A001AB209 /* Products */,
			);
			sourceTree = "<group>";
		};
		6435BEC31853429A001AB209 /* Products */ = {
			isa = PBXGroup;
			children = (
				6435BEC21853429A001AB209 /* UITesting.app */,
				6435BEE31853429A001AB209 /* UITestingTests.xctest */,
			);
			name = Products;
			sourceTree = "<group>";
		};
		6435BEC41853429A001AB209 /* Frameworks */ = {
			isa = PBXGroup;
			children = (
				6435BEC51853429A001AB209 /* Foundation.framework */,
				6435BEC71853429A001AB209 /* CoreGraphics.framework */,
				6435BEC91853429A001AB209 /* UIKit.framework */,
				6435BEE41853429A001AB209 /* XCTest.framework */,
			);
			name = Frameworks;
			sourceTree = "<group>";
		};
		6435BECB1853429A001AB209 /* UITesting */ = {
			isa = PBXGroup;
			children = (
				6435BED71853429A001AB209 /* Main.storyboard */,
				6435BEDA1853429A001AB209 /* UITestingViewController.h */,
				6435BEDB1853429A001AB209 /* UITestingViewController.m */,
				6435BEDD1853429A001AB209 /* Images.xcassets */,
				6435BECC1853429A001AB209 /* Supporting Files */,
			);
			path = UITesting;
			sourceTree = "<group>";
		};
		6435BECC1853429A001AB209 /* Supporting Files */ = {
			isa = PBXGroup;
			children = (
				6435BED41853429A001AB209 /* UITestingAppDelegate.h */,
				6435BED51853429A001AB209 /* UITestingAppDelegate.m */,
				6435BECD1853429A001AB209 /* UITesting-Info.plist */,
				6435BECE1853429A001AB209 /* InfoPlist.strings */,
				6435BED11853429A001AB209 /* main.m */,
				6435BED31853429A001AB209 /* UITesting-Prefix.pch */,
			);
			name = "Supporting Files";
			sourceTree = "<group>";
		};
		6435BEEA1853429A001AB209 /* UITestingTests */ = {
			isa = PBXGroup;
			children = (
				6435BEF01853429A001AB209 /* UITestingTests.m */,
				6435BEEB1853429A001AB209 /* Supporting Files */,
			);
			path = UITestingTests;
			sourceTree = "<group>";
		};
		6435BEEB1853429A001AB209 /* Supporting Files */ = {
			isa = PBXGroup;
			children = (
				6435BEEC1853429A001AB209 /* UITestingTests-Info.plist */,
				6435BEED1853429A001AB209 /* InfoPlist.strings */,
			);
			name = "Supporting Files";
			sourceTree = "<group>";
		};
/* End PBXGroup section */

/* Begin PBXNativeTarget section */
		6435BEC11853429A001AB209 /* UITesting */ = {
			isa = PBXNativeTarget;
			buildConfigurationList = 6435BEF41853429A001AB209 /* Build configuration list for PBXNativeTarget "UITesting" */;
			buildPhases = (
				6435BEBE1853429A001AB209 /* Sources */,
				6435BEBF1853429A001AB209 /* Frameworks */,
				6435BEC01853429A001AB209 /* Resources */,
			);
			buildRules = (
			);
			dependencies = (
			);
			name = UITesting;
			productName = UITesting;
			productReference = 6435BEC21853429A001AB209 /* UITesting.app */;
			productType = "com.apple.product-type.application";
		};
		6435BEE21853429A001AB209 /* UITestingTests */ = {
			isa = PBXNativeTarget;
			buildConfigurationList = 6435BEF71853429A001AB209 /* Build configuration list for PBXNativeTarget "UITestingTests" */;
			buildPhases = (
				6435BEDF1853429A001AB209 /* Sources */,
				6435BEE01853429A001AB209 /* Frameworks */,
				6435BEE11853429A001AB209 /* Resources */,
			);
			buildRules = (
			);
			dependencies = (
				6435BEE91853429A001AB209 /* PBXTargetDependency */,
			);
			name = UITestingTests;
			productName = UITestingTests;
			productReference = 6435BEE31853429A001AB209 /* UITestingTests.xctest */;
			productType = "com.apple.product-type.bundle.unit-test";
		};
/* End PBXNativeTarget section */

/* Begin PBXProject section */
		6435BEBA1853429A001AB209 /* Project object */ = {
			isa = PBXProject;
			attributes = {
				CLASSPREFIX = UITesting;
				LastUpgradeCheck = 0500;
				ORGANIZATIONNAME = "Rahul Agrawal";
				TargetAttributes = {
					6435BEE21853429A001AB209 = {
						TestTargetID = 6435BEC11853429A001AB209;
					};
				};
			};
			buildConfigurationList = 6435BEBD1853429A001AB209 /* Build configuration list for PBXProject "UITesting" */;
			compatibilityVersion = "Xcode 3.2";
			developmentRegion = English;
			hasScannedForEncodings = 0;
			knownRegions = (
				en,
				Base,
			);
			mainGroup = 6435BEB91853429A001AB209;
			productRefGroup = 6435BEC31853429A001AB209 /* Products */;
			projectDirPath = "";
			projectRoot = "";
			targets = (
				6435BEC11853429A001AB209 /* UITesting */,
				6435BEE21853429A001AB209 /* UITestingTests */,
			);
		};
/* End PBXProject section */

/* Begin PBXResourcesBuildPhase section */
		6435BEC01853429A001AB209 /* Resources */ = {
			isa = PBXResourcesBuildPhase;
			buildActionMask = 2147483647;
			files = (
				6435BEDE1853429A001AB209 /* Images.xcassets in Resources */,
				6435BED01853429A001AB209 /* InfoPlist.strings in Resources */,
				6435BED91853429A001AB209 /* Main.storyboard in Resources */,
			);
			runOnlyForDeploymentPostprocessing = 0;
		};
		6435BEE11853429A001AB209 /* Resources */ = {
			isa = PBXResourcesBuildPhase;
			buildActionMask = 2147483647;
			files = (
				6435BEEF1853429A001AB209 /* InfoPlist.strings in Resources */,
			);
			runOnlyForDeploymentPostprocessing = 0;
		};
/* End PBXResourcesBuildPhase section */

/* Begin PBXSourcesBuildPhase section */
		6435BEBE1853429A001AB209 /* Sources */ = {
			isa = PBXSourcesBuildPhase;
			buildActionMask = 2147483647;
			files = (
				6435BEDC1853429A001AB209 /* UITestingViewController.m in Sources */,
				6435BED21853429A001AB209 /* main.m in Sources */,
				6435BED61853429A001AB209 /* UITestingAppDelegate.m in Sources */,
			);
			runOnlyForDeploymentPostprocessing = 0;
		};
		6435BEDF1853429A001AB209 /* Sources */ = {
			isa = PBXSourcesBuildPhase;
			buildActionMask = 2147483647;
			files = (
				6435BEF11853429A001AB209 /* UITestingTests.m in Sources */,
			);
			runOnlyForDeploymentPostprocessing = 0;
		};
/* End PBXSourcesBuildPhase section */

/* Begin PBXTargetDependency section */
		6435BEE91853429A001AB209 /* PBXTargetDependency */ = {
			isa = PBXTargetDependency;
			target = 6435BEC11853429A001AB209 /* UITesting */;
			targetProxy = 6435BEE81853429A001AB209 /* PBXContainerItemProxy */;
		};
/* End PBXTargetDependency section */

/* Begin PBXVariantGroup section */
		6435BECE1853429A001AB209 /* InfoPlist.strings */ = {
			isa = PBXVariantGroup;
			children = (
				6435BECF1853429A001AB209 /* en */,
			);
			name = InfoPlist.strings;
			sourceTree = "<group>";
		};
		6435BED71853429A001AB209 /* Main.storyboard */ = {
			isa = PBXVariantGroup;
			children = (
				6435BED81853429A001AB209 /* Base */,
			);
			name = Main.storyboard;
			sourceTree = "<group>";
		};
		6435BEED1853429A001AB209 /* InfoPlist.strings */ = {
			isa = PBXVariantGroup;
			children = (
				6435BEEE1853429A001AB209 /* en */,
			);
			name = InfoPlist.strings;
			sourceTree = "<group>";
		};
/* End PBXVariantGroup section */

/* Begin XCBuildConfiguration section */
		6435BEF21853429A001AB209 /* Debug */ = {
			isa = XCBuildConfiguration;
			buildSettings = {
				ALWAYS_SEARCH_USER_PATHS = NO;
				ARCHS = "$(ARCHS_STANDARD_INCLUDING_64_BIT)";
				CLANG_CXX_LANGUAGE_STANDARD = "gnu++0x";
				CLANG_CXX_LIBRARY = "libc++";
				CLANG_ENABLE_MODULES = YES;
				CLANG_ENABLE_OBJC_ARC = YES;
				CLANG_WARN_BOOL_CONVERSION = YES;
				CLANG_WARN_CONSTANT_CONVERSION = YES;
				CLANG_WARN_DIRECT_OBJC_ISA_USAGE = YES_ERROR;
				CLANG_WARN_EMPTY_BODY = YES;
				CLANG_WARN_ENUM_CONVERSION = YES;
				CLANG_WARN_INT_CONVERSION = YES;
				CLANG_WARN_OBJC_ROOT_CLASS = YES_ERROR;
				CLANG_WARN__DUPLICATE_METHOD_MATCH = YES;
				"CODE_SIGN_IDENTITY[sdk=iphoneos*]" = "iPhone Developer";
				COPY_PHASE_STRIP = NO;
				GCC_C_LANGUAGE_STANDARD = gnu99;
				GCC_DYNAMIC_NO_PIC = NO;
				GCC_OPTIMIZATION_LEVEL = 0;
				GCC_PREPROCESSOR_DEFINITIONS = (
					"DEBUG=1",
					"$(inherited)",
				);
				GCC_SYMBOLS_PRIVATE_EXTERN = NO;
				GCC_WARN_64_TO_32_BIT_CONVERSION = YES;
				GCC_WARN_ABOUT_RETURN_TYPE = YES_ERROR;
				GCC_WARN_UNDECLARED_SELECTOR = YES;
				GCC_WARN_UNINITIALIZED_AUTOS = YES;
				GCC_WARN_UNUSED_FUNCTION = YES;
				GCC_WARN_UNUSED_VARIABLE = YES;
				IPHONEOS_DEPLOYMENT_TARGET = 7.0;
				ONLY_ACTIVE_ARCH = YES;
				SDKROOT = iphoneos;
			};
			name = Debug;
		};
		6435BEF31853429A001AB209 /* Release */ = {
			isa = XCBuildConfiguration;
			buildSettings = {
				ALWAYS_SEARCH_USER_PATHS = NO;
				ARCHS = "$(ARCHS_STANDARD_INCLUDING_64_BIT)";
				CLANG_CXX_LANGUAGE_STANDARD = "gnu++0x";
				CLANG_CXX_LIBRARY = "libc++";
				CLANG_ENABLE_MODULES = YES;
				CLANG_ENABLE_OBJC_ARC = YES;
				CLANG_WARN_BOOL_CONVERSION = YES;
				CLANG_WARN_CONSTANT_CONVERSION = YES;
				CLANG_WARN_DIRECT_OBJC_ISA_USAGE = YES_ERROR;
				CLANG_WARN_EMPTY_BODY = YES;
				CLANG_WARN_ENUM_CONVERSION = YES;
				CLANG_WARN_INT_CONVERSION = YES;
				CLANG_WARN_OBJC_ROOT_CLASS = YES_ERROR;
				CLANG_WARN__DUPLICATE_METHOD_MATCH = YES;
				"CODE_SIGN_IDENTITY[sdk=iphoneos*]" = "iPhone Developer";
				COPY_PHASE_STRIP = YES;
				ENABLE_NS_ASSERTIONS = NO;
				GCC_C_LANGUAGE_STANDARD = gnu99;
				GCC_WARN_64_TO_32_BIT_CONVERSION = YES;
				GCC_WARN_ABOUT_RETURN_TYPE = YES_ERROR;
				GCC_WARN_UNDECLARED_SELECTOR = YES;
				GCC_WARN_UNINITIALIZED_AUTOS = YES;
				GCC_WARN_UNUSED_FUNCTION = YES;
				GCC_WARN_UNUSED_VARIABLE = YES;
				IPHONEOS_DEPLOYMENT_TARGET = 7.0;
				SDKROOT = iphoneos;
				VALIDATE_PRODUCT = YES;
			};
			name = Release;
		};
		6435BEF51853429A001AB209 /* Debug */ = {
			isa = XCBuildConfiguration;
			buildSettings = {
				ASSETCATALOG_COMPILER_APPICON_NAME = AppIcon;
				ASSETCATALOG_COMPILER_LAUNCHIMAGE_NAME = LaunchImage;
				GCC_PRECOMPILE_PREFIX_HEADER = YES;
				GCC_PREFIX_HEADER = "UITesting/UITesting-Prefix.pch";
				INFOPLIST_FILE = "UITesting/UITesting-Info.plist";
				PRODUCT_NAME = "$(TARGET_NAME)";
				WRAPPER_EXTENSION = app;
			};
			name = Debug;
		};
		6435BEF61853429A001AB209 /* Release */ = {
			isa = XCBuildConfiguration;
			buildSettings = {
				ASSETCATALOG_COMPILER_APPICON_NAME = AppIcon;
				ASSETCATALOG_COMPILER_LAUNCHIMAGE_NAME = LaunchImage;
				GCC_PRECOMPILE_PREFIX_HEADER = YES;
				GCC_PREFIX_HEADER = "UITesting/UITesting-Prefix.pch";
				INFOPLIST_FILE = "UITesting/UITesting-Info.plist";
				PRODUCT_NAME = "$(TARGET_NAME)";
				WRAPPER_EXTENSION = app;
			};
			name = Release;
		};
		6435BEF81853429A001AB209 /* Debug */ = {
			isa = XCBuildConfiguration;
			buildSettings = {
				ARCHS = "$(ARCHS_STANDARD_INCLUDING_64_BIT)";
				BUNDLE_LOADER = "$(BUILT_PRODUCTS_DIR)/UITesting.app/UITesting";
				FRAMEWORK_SEARCH_PATHS = (
					"$(SDKROOT)/Developer/Library/Frameworks",
					"$(inherited)",
					"$(DEVELOPER_FRAMEWORKS_DIR)",
				);
				GCC_PRECOMPILE_PREFIX_HEADER = YES;
				GCC_PREFIX_HEADER = "UITesting/UITesting-Prefix.pch";
				GCC_PREPROCESSOR_DEFINITIONS = (
					"DEBUG=1",
					"$(inherited)",
				);
				INFOPLIST_FILE = "UITestingTests/UITestingTests-Info.plist";
				PRODUCT_NAME = "$(TARGET_NAME)";
				TEST_HOST = "$(BUNDLE_LOADER)";
				WRAPPER_EXTENSION = xctest;
			};
			name = Debug;
		};
		6435BEF91853429A001AB209 /* Release */ = {
			isa = XCBuildConfiguration;
			buildSettings = {
				ARCHS = "$(ARCHS_STANDARD_INCLUDING_64_BIT)";
				BUNDLE_LOADER = "$(BUILT_PRODUCTS_DIR)/UITesting.app/UITesting";
				FRAMEWORK_SEARCH_PATHS = (
					"$(SDKROOT)/Developer/Library/Frameworks",
					"$(inherited)",
					"$(DEVELOPER_FRAMEWORKS_DIR)",
				);
				GCC_PRECOMPILE_PREFIX_HEADER = YES;
				GCC_PREFIX_HEADER = "UITesting/UITesting-Prefix.pch";
				INFOPLIST_FILE = "UITestingTests/UITestingTests-Info.plist";
				PRODUCT_NAME = "$(TARGET_NAME)";
				TEST_HOST = "$(BUNDLE_LOADER)";
				WRAPPER_EXTENSION = xctest;
			};
			name = Release;
		};
/* End XCBuildConfiguration section */

/* Begin XCConfigurationList section */
		6435BEBD1853429A001AB209 /* Build configuration list for PBXProject "UITesting" */ = {
			isa = XCConfigurationList;
			buildConfigurations = (
				6435BEF21853429A001AB209 /* Debug */,
				6435BEF31853429A001AB209 /* Release */,
			);
			defaultConfigurationIsVisible = 0;
			defaultConfigurationName = Release;
		};
		6435BEF41853429A001AB209 /* Build configuration list for PBXNativeTarget "UITesting" */ = {
			isa = XCConfigurationList;
			buildConfigurations = (
				6435BEF51853429A001AB209 /* Debug */,
				6435BEF61853429A001AB209 /* Release */,
			);
			defaultConfigurationIsVisible = 0;
		};
		6435BEF71853429A001AB209 /* Build configuration list for PBXNativeTarget "UITestingTests" */ = {
			isa = XCConfigurationList;
			buildConfigurations = (
				6435BEF81853429A001AB209 /* Debug */,
				6435BEF91853429A001AB209 /* Release */,
			);
			defaultConfigurationIsVisible = 0;
		};
/* End XCConfigurationList section */
	};
	rootObject = 6435BEBA1853429A001AB209 /* Project object */;
}
